
Microsoft Visual Studio Solution File, Format Version 12.00
# Visual Studio Version 16
VisualStudioVersion = 16.0.31729.503
MinimumVisualStudioVersion = 10.0.40219.1
Project("{888888A0-9F3D-457C-B088-3A5042F75D52}") = "FlaskWebProject1", "FlaskWebProject1\FlaskWebProject1.pyproj", "{FB90E668-8986-498B-B8A1-3A1AF1DB0191}"
EndProject
Global
	GlobalSection(SolutionConfigurationPlatforms) = preSolution
		Debug|Any CPU = Debug|Any CPU
		Release|Any CPU = Release|Any CPU
	EndGlobalSection
	GlobalSection(ProjectConfigurationPlatforms) = postSolution
		{FB90E668-8986-498B-B8A1-3A1AF1DB0191}.Debug|Any CPU.ActiveCfg = Debug|Any CPU
		{FB90E668-8986-498B-B8A1-3A1AF1DB0191}.Debug|Any CPU.Build.0 = Debug|Any CPU
		{FB90E668-8986-498B-B8A1-3A1AF1DB0191}.Release|Any CPU.ActiveCfg = Release|Any CPU
		{FB90E668-8986-498B-B8A1-3A1AF1DB0191}.Release|Any CPU.Build.0 = Release|Any CPU
	EndGlobalSection
	GlobalSection(SolutionProperties) = preSolution
		HideSolutionNode = FALSE
	EndGlobalSection
	GlobalSection(ExtensibilityGlobals) = postSolution
		SolutionGuid = {BAA2BCC3-2B97-48DD-BC07-CFB5F78FB5FA}
	EndGlobalSection
EndGlobal
